
Microsoft Visual Studio Solution File, Format Version 12.00
# Visual Studio Version 16
VisualStudioVersion = 16.0.30406.217
MinimumVisualStudioVersion = 10.0.40219.1
Project("{FAE04EC0-301F-11D3-BF4B-00C04F79EFBC}") = "Sandogh.App", "Sandogh.App\Sandogh.App.csproj", "{E16E0190-C16F-4078-B6F4-9A54F288927E}"
EndProject
Project("{FAE04EC0-301F-11D3-BF4B-00C04F79EFBC}") = "Sandogh.DataLayer", "Sandogh.DataLayer\Sandogh.DataLayer.csproj", "{A8E7F5D5-F94C-4A05-BAEF-9A1882E92E0F}"
EndProject
Project("{FAE04EC0-301F-11D3-BF4B-00C04F79EFBC}") = "Sandogh.Bussiness", "Sandogh.Bussiness\Sandogh.Bussiness.csproj", "{F4AF24CE-225D-4AE0-97FA-BF96D952A7EB}"
EndProject
Project("{FAE04EC0-301F-11D3-BF4B-00C04F79EFBC}") = "Utility", "Utility\Utility.csproj", "{3153027A-2AC7-47A6-B1B0-CA065DF0ABE3}"
EndProject
Global
	GlobalSection(SolutionConfigurationPlatforms) = preSolution
		Debug|Any CPU = Debug|Any CPU
		Release|Any CPU = Release|Any CPU
	EndGlobalSection
	GlobalSection(ProjectConfigurationPlatforms) = postSolution
		{E16E0190-C16F-4078-B6F4-9A54F288927E}.Debug|Any CPU.ActiveCfg = Debug|Any CPU
		{E16E0190-C16F-4078-B6F4-9A54F288927E}.Debug|Any CPU.Build.0 = Debug|Any CPU
		{E16E0190-C16F-4078-B6F4-9A54F288927E}.Release|Any CPU.ActiveCfg = Release|Any CPU
		{E16E0190-C16F-4078-B6F4-9A54F288927E}.Release|Any CPU.Build.0 = Release|Any CPU
		{A8E7F5D5-F94C-4A05-BAEF-9A1882E92E0F}.Debug|Any CPU.ActiveCfg = Debug|Any CPU
		{A8E7F5D5-F94C-4A05-BAEF-9A1882E92E0F}.Debug|Any CPU.Build.0 = Debug|Any CPU
		{A8E7F5D5-F94C-4A05-BAEF-9A1882E92E0F}.Release|Any CPU.ActiveCfg = Release|Any CPU
		{A8E7F5D5-F94C-4A05-BAEF-9A1882E92E0F}.Release|Any CPU.Build.0 = Release|Any CPU
		{F4AF24CE-225D-4AE0-97FA-BF96D952A7EB}.Debug|Any CPU.ActiveCfg = Debug|Any CPU
		{F4AF24CE-225D-4AE0-97FA-BF96D952A7EB}.Debug|Any CPU.Build.0 = Debug|Any CPU
		{F4AF24CE-225D-4AE0-97FA-BF96D952A7EB}.Release|Any CPU.ActiveCfg = Release|Any CPU
		{F4AF24CE-225D-4AE0-97FA-BF96D952A7EB}.Release|Any CPU.Build.0 = Release|Any CPU
		{3153027A-2AC7-47A6-B1B0-CA065DF0ABE3}.Debug|Any CPU.ActiveCfg = Debug|Any CPU
		{3153027A-2AC7-47A6-B1B0-CA065DF0ABE3}.Debug|Any CPU.Build.0 = Debug|Any CPU
		{3153027A-2AC7-47A6-B1B0-CA065DF0ABE3}.Release|Any CPU.ActiveCfg = Release|Any CPU
		{3153027A-2AC7-47A6-B1B0-CA065DF0ABE3}.Release|Any CPU.Build.0 = Release|Any CPU
	EndGlobalSection
	GlobalSection(SolutionProperties) = preSolution
		HideSolutionNode = FALSE
	EndGlobalSection
	GlobalSection(ExtensibilityGlobals) = postSolution
		SolutionGuid = {D4B7CB93-73C5-4680-809D-0ECAE2DC049D}
	EndGlobalSection
EndGlobal
